<?xml version="1.0" encoding="utf-8"?>
<Project ToolsVersion="4.0" xmlns="http://schemas.microsoft.com/developer/msbuild/2003">
  <ItemGroup>
    <Filter Include="src">
      <UniqueIdentifier>{1fe3ee65-2117-4a55-9655-24b7729eca55}</UniqueIdentifier>
    </Filter>
    <Filter Include="src\win32">
      <UniqueIdentifier>{7acd5c53-994c-4d54-826e-fcbf92c877cb}</UniqueIdentifier>
    </Filter>
    <Filter Include="src\tests">
      <UniqueIdentifier>{d6158347-82a3-4bc9-87be-81da73723ba0}</UniqueIdentifier>
    </Filter>
    <Filter Include="external">
      <UniqueIdentifier>{c1fa8c3e-46b5-4ef7-a56e-08ecaca363a0}</UniqueIdentifier>
    </Filter>
    <Filter Include="assets">
      <UniqueIdentifier>{e3dc5e14-bb96-47b4-9a6d-3d564c2fa2ca}</UniqueIdentifier>
    </Filter>
    <Filter Include="assets\shaders">
      <UniqueIdentifier>{cb0f7aab-2c94-48dc-8858-85ff55a68d78}</UniqueIdentifier>
    </Filter>
    <Filter Include="assets\shaders\deferred">
      <UniqueIdentifier>{6045f85d-1c08-4be1-877f-1ab691993662}</UniqueIdentifier>
    </Filter>
    <Filter Include="assets\shaders\forward">
      <UniqueIdentifier>{89210f14-3670-430c-8967-f3a429881f9f}</UniqueIdentifier>
    </Filter>
  </ItemGroup>
  <ItemGroup>
    <ClCompile Include="src\tests\timer_test.cpp">
      <Filter>src\tests</Filter>
    </ClCompile>
    <ClCompile Include="src\main.cpp">
      <Filter>src</Filter>
    </ClCompile>
    <ClCompile Include="src\render_gl.cpp">
      <Filter>src</Filter>
    </ClCompile>
    <ClCompile Include="src\timer.c">
      <Filter>src</Filter>
    </ClCompile>
    <ClCompile Include="src\unit_test.cpp">
      <Filter>src</Filter>
    </ClCompile>
    <ClCompile Include="src\win32\WinMain.c">
      <Filter>src\win32</Filter>
    </ClCompile>
    <ClCompile Include="external\glew.c">
      <Filter>external</Filter>
    </ClCompile>
    <ClCompile Include="src\tests\application_test.cpp">
      <Filter>src\tests</Filter>
    </ClCompile>
    <ClCompile Include="src\tests\unit_test_test.cpp">
      <Filter>src\tests</Filter>
    </ClCompile>
    <ClCompile Include="src\application.c">
      <Filter>src</Filter>
    </ClCompile>
    <ClCompile Include="src\fps.c">
      <Filter>src</Filter>
    </ClCompile>
    <ClCompile Include="src\game.cpp">
      <Filter>src</Filter>
    </ClCompile>
    <ClCompile Include="src\render.cpp">
      <Filter>src</Filter>
    </ClCompile>
    <ClCompile Include="external\stb_image.c">
      <Filter>external</Filter>
    </ClCompile>
    <ClCompile Include="src\resource_manager.cpp">
      <Filter>src</Filter>
    </ClCompile>
    <ClCompile Include="src\tests\resource_manager_test.cpp">
      <Filter>src\tests</Filter>
    </ClCompile>
  </ItemGroup>
  <ItemGroup>
    <ClInclude Include="src\application.h">
      <Filter>src</Filter>
    </ClInclude>
    <ClInclude Include="src\render.h">
      <Filter>src</Filter>
    </ClInclude>
    <ClInclude Include="src\timer.h">
      <Filter>src</Filter>
    </ClInclude>
    <ClInclude Include="src\unit_test.h">
      <Filter>src</Filter>
    </ClInclude>
    <ClInclude Include="external\GL\glew.h">
      <Filter>external</Filter>
    </ClInclude>
    <ClInclude Include="external\GL\glxew.h">
      <Filter>external</Filter>
    </ClInclude>
    <ClInclude Include="external\GL\wglew.h">
      <Filter>external</Filter>
    </ClInclude>
    <ClInclude Include="external\GL\glcorearb.h">
      <Filter>external</Filter>
    </ClInclude>
    <ClInclude Include="src\fps.h">
      <Filter>src</Filter>
    </ClInclude>
    <ClInclude Include="src\assert.h">
      <Filter>src</Filter>
    </ClInclude>
    <ClInclude Include="src\game.h">
      <Filter>src</Filter>
    </ClInclude>
    <ClInclude Include="external\stb_image.h">
      <Filter>external</Filter>
    </ClInclude>
    <ClInclude Include="src\geometry.h">
      <Filter>src</Filter>
    </ClInclude>
    <ClInclude Include="src\render_gl_helper.h">
      <Filter>src</Filter>
    </ClInclude>
    <ClInclude Include="src\renderer.h">
      <Filter>src</Filter>
    </ClInclude>
    <ClInclude Include="src\renderer_deferred.h">
      <Filter>src</Filter>
    </ClInclude>
    <ClInclude Include="src\renderer_forward.h">
      <Filter>src</Filter>
    </ClInclude>
    <ClInclude Include="src\resource_manager.h">
      <Filter>src</Filter>
    </ClInclude>
  </ItemGroup>
  <ItemGroup>
    <None Include="assets\Shaders\2D.fsh">
      <Filter>assets\shaders</Filter>
    </None>
    <None Include="assets\Shaders\2D.vsh">
      <Filter>assets\shaders</Filter>
    </None>
    <None Include="assets\Shaders\2D_fullscreen.vsh">
      <Filter>assets\shaders</Filter>
    </None>
    <None Include="assets\Shaders\debug.fsh">
      <Filter>assets\shaders</Filter>
    </None>
    <None Include="assets\Shaders\debug.vsh">
      <Filter>assets\shaders</Filter>
    </None>
    <None Include="assets\Shaders\deferred\geometry.fsh">
      <Filter>assets\shaders\deferred</Filter>
    </None>
    <None Include="assets\Shaders\deferred\geometry.vsh">
      <Filter>assets\shaders\deferred</Filter>
    </None>
    <None Include="assets\Shaders\deferred\light.fsh">
      <Filter>assets\shaders\deferred</Filter>
    </None>
    <None Include="assets\Shaders\deferred\light.vsh">
      <Filter>assets\shaders\deferred</Filter>
    </None>
    <None Include="assets\Shaders\forward\3D.fsh">
      <Filter>assets\shaders\forward</Filter>
    </None>
    <None Include="assets\Shaders\forward\3D.vsh">
      <Filter>assets\shaders\forward</Filter>
    </None>
    <None Include="assets\house_diffuse.tga">
      <Filter>assets</Filter>
    </None>
    <None Include="assets\house_normal.tga">
      <Filter>assets</Filter>
    </None>
    <None Include="assets\house_obj.mtl">
      <Filter>assets</Filter>
    </None>
    <None Include="assets\house_spec.tga">
      <Filter>assets</Filter>
    </None>
    <None Include="assets\sphere.mesh">
      <Filter>assets</Filter>
    </None>
  </ItemGroup>
  <ItemGroup>
    <Image Include="assets\brick.dds">
      <Filter>assets</Filter>
    </Image>
    <Image Include="assets\brick.jpg">
      <Filter>assets</Filter>
    </Image>
    <Image Include="assets\brick_NRM.png">
      <Filter>assets</Filter>
    </Image>
    <Image Include="assets\brick_SPEC.png">
      <Filter>assets</Filter>
    </Image>
    <Image Include="assets\default_norm.png">
      <Filter>assets</Filter>
    </Image>
    <Image Include="assets\grass.dds">
      <Filter>assets</Filter>
    </Image>
    <Image Include="assets\grass.jpg">
      <Filter>assets</Filter>
    </Image>
    <Image Include="assets\grass_NRM.png">
      <Filter>assets</Filter>
    </Image>
    <Image Include="assets\metal.dds">
      <Filter>assets</Filter>
    </Image>
    <Image Include="assets\metal.jpg">
      <Filter>assets</Filter>
    </Image>
    <Image Include="assets\metal_NRM.png">
      <Filter>assets</Filter>
    </Image>
    <Image Include="assets\wood.dds">
      <Filter>assets</Filter>
    </Image>
    <Image Include="assets\wood.jpg">
      <Filter>assets</Filter>
    </Image>
    <Image Include="assets\wood_NRM.png">
      <Filter>assets</Filter>
    </Image>
  </ItemGroup>
</Project>