// !$*UTF8*$!
{
	archiveVersion = 1;
	classes = {
	};
	objectVersion = 46;
	objects = {

/* Begin PBXBuildFile section */
		2707F84416026C020014C2E1 /* Cocoa.framework in Frameworks */ = {isa = PBXBuildFile; fileRef = 2707F84316026C020014C2E1 /* Cocoa.framework */; };
		2707F84E16026C020014C2E1 /* InfoPlist.strings in Resources */ = {isa = PBXBuildFile; fileRef = 2707F84C16026C020014C2E1 /* InfoPlist.strings */; };
		2707F85016026C020014C2E1 /* main.m in Sources */ = {isa = PBXBuildFile; fileRef = 2707F84F16026C020014C2E1 /* main.m */; };
		2707F85416026C020014C2E1 /* Credits.rtf in Resources */ = {isa = PBXBuildFile; fileRef = 2707F85216026C020014C2E1 /* Credits.rtf */; };
		2707F85716026C020014C2E1 /* AppDelegate.m in Sources */ = {isa = PBXBuildFile; fileRef = 2707F85616026C020014C2E1 /* AppDelegate.m */; };
		2707F85A16026C020014C2E1 /* MainMenu.xib in Resources */ = {isa = PBXBuildFile; fileRef = 2707F85816026C020014C2E1 /* MainMenu.xib */; };
/* End PBXBuildFile section */

/* Begin PBXFileReference section */
		2707F83F16026C020014C2E1 /* deferred.app */ = {isa = PBXFileReference; explicitFileType = wrapper.application; includeInIndex = 0; path = deferred.app; sourceTree = BUILT_PRODUCTS_DIR; };
		2707F84316026C020014C2E1 /* Cocoa.framework */ = {isa = PBXFileReference; lastKnownFileType = wrapper.framework; name = Cocoa.framework; path = System/Library/Frameworks/Cocoa.framework; sourceTree = SDKROOT; };
		2707F84616026C020014C2E1 /* AppKit.framework */ = {isa = PBXFileReference; lastKnownFileType = wrapper.framework; name = AppKit.framework; path = System/Library/Frameworks/AppKit.framework; sourceTree = SDKROOT; };
		2707F84716026C020014C2E1 /* CoreData.framework */ = {isa = PBXFileReference; lastKnownFileType = wrapper.framework; name = CoreData.framework; path = System/Library/Frameworks/CoreData.framework; sourceTree = SDKROOT; };
		2707F84816026C020014C2E1 /* Foundation.framework */ = {isa = PBXFileReference; lastKnownFileType = wrapper.framework; name = Foundation.framework; path = System/Library/Frameworks/Foundation.framework; sourceTree = SDKROOT; };
		2707F84B16026C020014C2E1 /* deferred-Info.plist */ = {isa = PBXFileReference; lastKnownFileType = text.plist.xml; path = "deferred-Info.plist"; sourceTree = "<group>"; };
		2707F84D16026C020014C2E1 /* en */ = {isa = PBXFileReference; lastKnownFileType = text.plist.strings; name = en; path = en.lproj/InfoPlist.strings; sourceTree = "<group>"; };
		2707F84F16026C020014C2E1 /* main.m */ = {isa = PBXFileReference; lastKnownFileType = sourcecode.c.objc; path = main.m; sourceTree = "<group>"; };
		2707F85116026C020014C2E1 /* deferred-Prefix.pch */ = {isa = PBXFileReference; lastKnownFileType = sourcecode.c.h; path = "deferred-Prefix.pch"; sourceTree = "<group>"; };
		2707F85316026C020014C2E1 /* en */ = {isa = PBXFileReference; lastKnownFileType = text.rtf; name = en; path = en.lproj/Credits.rtf; sourceTree = "<group>"; };
		2707F85516026C020014C2E1 /* AppDelegate.h */ = {isa = PBXFileReference; lastKnownFileType = sourcecode.c.h; path = AppDelegate.h; sourceTree = "<group>"; };
		2707F85616026C020014C2E1 /* AppDelegate.m */ = {isa = PBXFileReference; lastKnownFileType = sourcecode.c.objc; path = AppDelegate.m; sourceTree = "<group>"; };
		2707F85916026C020014C2E1 /* en */ = {isa = PBXFileReference; lastKnownFileType = file.xib; name = en; path = en.lproj/MainMenu.xib; sourceTree = "<group>"; };
/* End PBXFileReference section */

/* Begin PBXFrameworksBuildPhase section */
		2707F83C16026C020014C2E1 /* Frameworks */ = {
			isa = PBXFrameworksBuildPhase;
			buildActionMask = 2147483647;
			files = (
				2707F84416026C020014C2E1 /* Cocoa.framework in Frameworks */,
			);
			runOnlyForDeploymentPostprocessing = 0;
		};
/* End PBXFrameworksBuildPhase section */

/* Begin PBXGroup section */
		2707F83416026C020014C2E1 = {
			isa = PBXGroup;
			children = (
				2707F84916026C020014C2E1 /* deferred */,
				2707F84216026C020014C2E1 /* Frameworks */,
				2707F84016026C020014C2E1 /* Products */,
			);
			sourceTree = "<group>";
		};
		2707F84016026C020014C2E1 /* Products */ = {
			isa = PBXGroup;
			children = (
				2707F83F16026C020014C2E1 /* deferred.app */,
			);
			name = Products;
			sourceTree = "<group>";
		};
		2707F84216026C020014C2E1 /* Frameworks */ = {
			isa = PBXGroup;
			children = (
				2707F84316026C020014C2E1 /* Cocoa.framework */,
				2707F84516026C020014C2E1 /* Other Frameworks */,
			);
			name = Frameworks;
			sourceTree = "<group>";
		};
		2707F84516026C020014C2E1 /* Other Frameworks */ = {
			isa = PBXGroup;
			children = (
				2707F84616026C020014C2E1 /* AppKit.framework */,
				2707F84716026C020014C2E1 /* CoreData.framework */,
				2707F84816026C020014C2E1 /* Foundation.framework */,
			);
			name = "Other Frameworks";
			sourceTree = "<group>";
		};
		2707F84916026C020014C2E1 /* deferred */ = {
			isa = PBXGroup;
			children = (
				2707F85516026C020014C2E1 /* AppDelegate.h */,
				2707F85616026C020014C2E1 /* AppDelegate.m */,
				2707F85816026C020014C2E1 /* MainMenu.xib */,
				2707F84A16026C020014C2E1 /* Supporting Files */,
			);
			path = deferred;
			sourceTree = "<group>";
		};
		2707F84A16026C020014C2E1 /* Supporting Files */ = {
			isa = PBXGroup;
			children = (
				2707F84B16026C020014C2E1 /* deferred-Info.plist */,
				2707F84C16026C020014C2E1 /* InfoPlist.strings */,
				2707F84F16026C020014C2E1 /* main.m */,
				2707F85116026C020014C2E1 /* deferred-Prefix.pch */,
				2707F85216026C020014C2E1 /* Credits.rtf */,
			);
			name = "Supporting Files";
			sourceTree = "<group>";
		};
/* End PBXGroup section */

/* Begin PBXNativeTarget section */
		2707F83E16026C020014C2E1 /* deferred */ = {
			isa = PBXNativeTarget;
			buildConfigurationList = 2707F85D16026C020014C2E1 /* Build configuration list for PBXNativeTarget "deferred" */;
			buildPhases = (
				2707F83B16026C020014C2E1 /* Sources */,
				2707F83C16026C020014C2E1 /* Frameworks */,
				2707F83D16026C020014C2E1 /* Resources */,
			);
			buildRules = (
			);
			dependencies = (
			);
			name = deferred;
			productName = deferred;
			productReference = 2707F83F16026C020014C2E1 /* deferred.app */;
			productType = "com.apple.product-type.application";
		};
/* End PBXNativeTarget section */

/* Begin PBXProject section */
		2707F83616026C020014C2E1 /* Project object */ = {
			isa = PBXProject;
			attributes = {
				LastUpgradeCheck = 0450;
				ORGANIZATIONNAME = "Kyle Weicht";
			};
			buildConfigurationList = 2707F83916026C020014C2E1 /* Build configuration list for PBXProject "deferred" */;
			compatibilityVersion = "Xcode 3.2";
			developmentRegion = English;
			hasScannedForEncodings = 0;
			knownRegions = (
				en,
			);
			mainGroup = 2707F83416026C020014C2E1;
			productRefGroup = 2707F84016026C020014C2E1 /* Products */;
			projectDirPath = "";
			projectRoot = "";
			targets = (
				2707F83E16026C020014C2E1 /* deferred */,
			);
		};
/* End PBXProject section */

/* Begin PBXResourcesBuildPhase section */
		2707F83D16026C020014C2E1 /* Resources */ = {
			isa = PBXResourcesBuildPhase;
			buildActionMask = 2147483647;
			files = (
				2707F84E16026C020014C2E1 /* InfoPlist.strings in Resources */,
				2707F85416026C020014C2E1 /* Credits.rtf in Resources */,
				2707F85A16026C020014C2E1 /* MainMenu.xib in Resources */,
			);
			runOnlyForDeploymentPostprocessing = 0;
		};
/* End PBXResourcesBuildPhase section */

/* Begin PBXSourcesBuildPhase section */
		2707F83B16026C020014C2E1 /* Sources */ = {
			isa = PBXSourcesBuildPhase;
			buildActionMask = 2147483647;
			files = (
				2707F85016026C020014C2E1 /* main.m in Sources */,
				2707F85716026C020014C2E1 /* AppDelegate.m in Sources */,
			);
			runOnlyForDeploymentPostprocessing = 0;
		};
/* End PBXSourcesBuildPhase section */

/* Begin PBXVariantGroup section */
		2707F84C16026C020014C2E1 /* InfoPlist.strings */ = {
			isa = PBXVariantGroup;
			children = (
				2707F84D16026C020014C2E1 /* en */,
			);
			name = InfoPlist.strings;
			sourceTree = "<group>";
		};
		2707F85216026C020014C2E1 /* Credits.rtf */ = {
			isa = PBXVariantGroup;
			children = (
				2707F85316026C020014C2E1 /* en */,
			);
			name = Credits.rtf;
			sourceTree = "<group>";
		};
		2707F85816026C020014C2E1 /* MainMenu.xib */ = {
			isa = PBXVariantGroup;
			children = (
				2707F85916026C020014C2E1 /* en */,
			);
			name = MainMenu.xib;
			sourceTree = "<group>";
		};
/* End PBXVariantGroup section */

/* Begin XCBuildConfiguration section */
		2707F85B16026C020014C2E1 /* Debug */ = {
			isa = XCBuildConfiguration;
			buildSettings = {
				ALWAYS_SEARCH_USER_PATHS = NO;
				ARCHS = "$(ARCHS_STANDARD_64_BIT)";
				CLANG_CXX_LANGUAGE_STANDARD = "gnu++0x";
				CLANG_ENABLE_OBJC_ARC = YES;
				CLANG_WARN__DUPLICATE_METHOD_MATCH = YES;
				COPY_PHASE_STRIP = NO;
				GCC_C_LANGUAGE_STANDARD = gnu99;
				GCC_DYNAMIC_NO_PIC = NO;
				GCC_ENABLE_OBJC_EXCEPTIONS = YES;
				GCC_OPTIMIZATION_LEVEL = 0;
				GCC_PREPROCESSOR_DEFINITIONS = (
					"DEBUG=1",
					"$(inherited)",
				);
				GCC_SYMBOLS_PRIVATE_EXTERN = NO;
				GCC_WARN_64_TO_32_BIT_CONVERSION = YES;
				GCC_WARN_ABOUT_RETURN_TYPE = YES;
				GCC_WARN_UNINITIALIZED_AUTOS = YES;
				GCC_WARN_UNUSED_VARIABLE = YES;
				MACOSX_DEPLOYMENT_TARGET = 10.8;
				ONLY_ACTIVE_ARCH = YES;
				SDKROOT = macosx;
			};
			name = Debug;
		};
		2707F85C16026C020014C2E1 /* Release */ = {
			isa = XCBuildConfiguration;
			buildSettings = {
				ALWAYS_SEARCH_USER_PATHS = NO;
				ARCHS = "$(ARCHS_STANDARD_64_BIT)";
				CLANG_CXX_LANGUAGE_STANDARD = "gnu++0x";
				CLANG_ENABLE_OBJC_ARC = YES;
				CLANG_WARN__DUPLICATE_METHOD_MATCH = YES;
				COPY_PHASE_STRIP = YES;
				DEBUG_INFORMATION_FORMAT = "dwarf-with-dsym";
				GCC_C_LANGUAGE_STANDARD = gnu99;
				GCC_ENABLE_OBJC_EXCEPTIONS = YES;
				GCC_WARN_64_TO_32_BIT_CONVERSION = YES;
				GCC_WARN_ABOUT_RETURN_TYPE = YES;
				GCC_WARN_UNINITIALIZED_AUTOS = YES;
				GCC_WARN_UNUSED_VARIABLE = YES;
				MACOSX_DEPLOYMENT_TARGET = 10.8;
				SDKROOT = macosx;
			};
			name = Release;
		};
		2707F85E16026C020014C2E1 /* Debug */ = {
			isa = XCBuildConfiguration;
			buildSettings = {
				COMBINE_HIDPI_IMAGES = YES;
				GCC_PRECOMPILE_PREFIX_HEADER = YES;
				GCC_PREFIX_HEADER = "deferred/deferred-Prefix.pch";
				INFOPLIST_FILE = "deferred/deferred-Info.plist";
				PRODUCT_NAME = "$(TARGET_NAME)";
				WRAPPER_EXTENSION = app;
			};
			name = Debug;
		};
		2707F85F16026C020014C2E1 /* Release */ = {
			isa = XCBuildConfiguration;
			buildSettings = {
				COMBINE_HIDPI_IMAGES = YES;
				GCC_PRECOMPILE_PREFIX_HEADER = YES;
				GCC_PREFIX_HEADER = "deferred/deferred-Prefix.pch";
				INFOPLIST_FILE = "deferred/deferred-Info.plist";
				PRODUCT_NAME = "$(TARGET_NAME)";
				WRAPPER_EXTENSION = app;
			};
			name = Release;
		};
/* End XCBuildConfiguration section */

/* Begin XCConfigurationList section */
		2707F83916026C020014C2E1 /* Build configuration list for PBXProject "deferred" */ = {
			isa = XCConfigurationList;
			buildConfigurations = (
				2707F85B16026C020014C2E1 /* Debug */,
				2707F85C16026C020014C2E1 /* Release */,
			);
			defaultConfigurationIsVisible = 0;
			defaultConfigurationName = Release;
		};
		2707F85D16026C020014C2E1 /* Build configuration list for PBXNativeTarget "deferred" */ = {
			isa = XCConfigurationList;
			buildConfigurations = (
				2707F85E16026C020014C2E1 /* Debug */,
				2707F85F16026C020014C2E1 /* Release */,
			);
			defaultConfigurationIsVisible = 0;
		};
/* End XCConfigurationList section */
	};
	rootObject = 2707F83616026C020014C2E1 /* Project object */;
}
