// !$*UTF8*$!
{
	archiveVersion = 1;
	classes = {
	};
	objectVersion = 46;
	objects = {

/* Begin PBXBuildFile section */
		2707F84416026C020014C2E1 /* Cocoa.framework in Frameworks */ = {isa = PBXBuildFile; fileRef = 2707F84316026C020014C2E1 /* Cocoa.framework */; };
		27317FF516159A6600659EDF /* world.cpp in Sources */ = {isa = PBXBuildFile; fileRef = 27317FF316159A6600659EDF /* world.cpp */; };
		2731800316159A7B00659EDF /* world_test.cpp in Sources */ = {isa = PBXBuildFile; fileRef = 2731800216159A7B00659EDF /* world_test.cpp */; };
		273AB3F316026C5F007C7682 /* main.cpp in Sources */ = {isa = PBXBuildFile; fileRef = 273AB3ED16026C5F007C7682 /* main.cpp */; };
		273EE4BF161167AE00265F0D /* resource_manager_test.cpp in Sources */ = {isa = PBXBuildFile; fileRef = 273EE4BD161167AE00265F0D /* resource_manager_test.cpp */; };
		273EE4C51611682000265F0D /* resource_manager.cpp in Sources */ = {isa = PBXBuildFile; fileRef = 273EE4C31611682000265F0D /* resource_manager.cpp */; };
		278F9E0A1602862200F90E06 /* timer.c in Sources */ = {isa = PBXBuildFile; fileRef = 278F9E081602862200F90E06 /* timer.c */; };
		278F9E0D1602862700F90E06 /* timer_test.cpp in Sources */ = {isa = PBXBuildFile; fileRef = 278F9E0C1602862700F90E06 /* timer_test.cpp */; };
		27ADE89016026DCD00D888DE /* AppDelegate.m in Sources */ = {isa = PBXBuildFile; fileRef = 27ADE88C16026DCD00D888DE /* AppDelegate.m */; };
		27ADE89216026DCD00D888DE /* MacApplication.m in Sources */ = {isa = PBXBuildFile; fileRef = 27ADE88F16026DCD00D888DE /* MacApplication.m */; };
		27ADE89A16026DD900D888DE /* Credits.rtf in Resources */ = {isa = PBXBuildFile; fileRef = 27ADE89416026DD900D888DE /* Credits.rtf */; };
		27ADE89B16026DD900D888DE /* InfoPlist.strings in Resources */ = {isa = PBXBuildFile; fileRef = 27ADE89616026DD900D888DE /* InfoPlist.strings */; };
		27ADE89C16026DD900D888DE /* MainMenu.xib in Resources */ = {isa = PBXBuildFile; fileRef = 27ADE89816026DD900D888DE /* MainMenu.xib */; };
		27ADE8A216026E1E00D888DE /* application.c in Sources */ = {isa = PBXBuildFile; fileRef = 27ADE8A016026E1E00D888DE /* application.c */; };
		27ADE8AA16027A1900D888DE /* OpenGLView.m in Sources */ = {isa = PBXBuildFile; fileRef = 27ADE8A916027A1900D888DE /* OpenGLView.m */; };
		27ADE8AE16027ACD00D888DE /* unit_test.cpp in Sources */ = {isa = PBXBuildFile; fileRef = 27ADE8AC16027ACD00D888DE /* unit_test.cpp */; };
		27ADE8B016027B1E00D888DE /* application_test.cpp in Sources */ = {isa = PBXBuildFile; fileRef = 27ADE8AF16027B1E00D888DE /* application_test.cpp */; };
		27B5E1651602DFE900C0ECC0 /* fps.c in Sources */ = {isa = PBXBuildFile; fileRef = 27B5E1631602DFE900C0ECC0 /* fps.c */; };
		27B8A9061656FA380015C9AE /* perlin_noise.c in Sources */ = {isa = PBXBuildFile; fileRef = 27B8A9041656FA380015C9AE /* perlin_noise.c */; };
		27B91CCC16564B740075652E /* marching_cubes.cpp in Sources */ = {isa = PBXBuildFile; fileRef = 27B91CCA16564B740075652E /* marching_cubes.cpp */; };
		27CF508816027C57009DBE5A /* unit_test_test.cpp in Sources */ = {isa = PBXBuildFile; fileRef = 27CF508716027C57009DBE5A /* unit_test_test.cpp */; };
		27CF508B16027CE0009DBE5A /* OpenGL.framework in Frameworks */ = {isa = PBXBuildFile; fileRef = 27CF508A16027CE0009DBE5A /* OpenGL.framework */; };
		27CF508E1602805B009DBE5A /* render_gl.cpp in Sources */ = {isa = PBXBuildFile; fileRef = 27CF508C1602805B009DBE5A /* render_gl.cpp */; };
		27CF509016028273009DBE5A /* render_gl.m in Sources */ = {isa = PBXBuildFile; fileRef = 27CF508F16028273009DBE5A /* render_gl.m */; };
		27DEFE02160408D7003C3972 /* game.cpp in Sources */ = {isa = PBXBuildFile; fileRef = 27DEFE00160408D7003C3972 /* game.cpp */; };
		27DEFE0516040903003C3972 /* render.cpp in Sources */ = {isa = PBXBuildFile; fileRef = 27DEFE0416040903003C3972 /* render.cpp */; };
		27FA8ED31606AC8400B3B985 /* stb_image.c in Sources */ = {isa = PBXBuildFile; fileRef = 27FA8ECE1606AC8400B3B985 /* stb_image.c */; };
/* End PBXBuildFile section */

/* Begin PBXFileReference section */
		2707F83F16026C020014C2E1 /* deferred.app */ = {isa = PBXFileReference; explicitFileType = wrapper.application; includeInIndex = 0; path = deferred.app; sourceTree = BUILT_PRODUCTS_DIR; };
		2707F84316026C020014C2E1 /* Cocoa.framework */ = {isa = PBXFileReference; lastKnownFileType = wrapper.framework; name = Cocoa.framework; path = System/Library/Frameworks/Cocoa.framework; sourceTree = SDKROOT; };
		2707F84616026C020014C2E1 /* AppKit.framework */ = {isa = PBXFileReference; lastKnownFileType = wrapper.framework; name = AppKit.framework; path = System/Library/Frameworks/AppKit.framework; sourceTree = SDKROOT; };
		2707F84716026C020014C2E1 /* CoreData.framework */ = {isa = PBXFileReference; lastKnownFileType = wrapper.framework; name = CoreData.framework; path = System/Library/Frameworks/CoreData.framework; sourceTree = SDKROOT; };
		2707F84816026C020014C2E1 /* Foundation.framework */ = {isa = PBXFileReference; lastKnownFileType = wrapper.framework; name = Foundation.framework; path = System/Library/Frameworks/Foundation.framework; sourceTree = SDKROOT; };
		2719DB8B160511F800485229 /* assets */ = {isa = PBXFileReference; lastKnownFileType = folder; path = assets; sourceTree = "<group>"; };
		27317FF316159A6600659EDF /* world.cpp */ = {isa = PBXFileReference; fileEncoding = 4; lastKnownFileType = sourcecode.cpp.cpp; path = world.cpp; sourceTree = "<group>"; };
		27317FF416159A6600659EDF /* world.h */ = {isa = PBXFileReference; fileEncoding = 4; lastKnownFileType = sourcecode.c.h; path = world.h; sourceTree = "<group>"; };
		2731800216159A7B00659EDF /* world_test.cpp */ = {isa = PBXFileReference; fileEncoding = 4; lastKnownFileType = sourcecode.cpp.cpp; path = world_test.cpp; sourceTree = "<group>"; };
		2735A818160829B800B60C41 /* geometry.h */ = {isa = PBXFileReference; fileEncoding = 4; lastKnownFileType = sourcecode.c.h; path = geometry.h; sourceTree = "<group>"; };
		273AB3ED16026C5F007C7682 /* main.cpp */ = {isa = PBXFileReference; fileEncoding = 4; lastKnownFileType = sourcecode.cpp.cpp; path = main.cpp; sourceTree = "<group>"; };
		273EE4BD161167AE00265F0D /* resource_manager_test.cpp */ = {isa = PBXFileReference; fileEncoding = 4; lastKnownFileType = sourcecode.cpp.cpp; path = resource_manager_test.cpp; sourceTree = "<group>"; };
		273EE4C31611682000265F0D /* resource_manager.cpp */ = {isa = PBXFileReference; fileEncoding = 4; lastKnownFileType = sourcecode.cpp.cpp; path = resource_manager.cpp; sourceTree = "<group>"; };
		273EE4C41611682000265F0D /* resource_manager.h */ = {isa = PBXFileReference; fileEncoding = 4; lastKnownFileType = sourcecode.c.h; path = resource_manager.h; sourceTree = "<group>"; };
		275A241A1605127C005FA2BC /* vec_math.h */ = {isa = PBXFileReference; fileEncoding = 4; lastKnownFileType = sourcecode.c.h; path = vec_math.h; sourceTree = "<group>"; };
		275F567816082A0C00FB9F9E /* render_gl_helper.h */ = {isa = PBXFileReference; fileEncoding = 4; lastKnownFileType = sourcecode.c.h; path = render_gl_helper.h; sourceTree = "<group>"; };
		275F567B16082B8300FB9F9E /* renderer_deferred.h */ = {isa = PBXFileReference; fileEncoding = 4; lastKnownFileType = sourcecode.c.h; path = renderer_deferred.h; sourceTree = "<group>"; };
		278F9E081602862200F90E06 /* timer.c */ = {isa = PBXFileReference; fileEncoding = 4; lastKnownFileType = sourcecode.c.c; path = timer.c; sourceTree = "<group>"; };
		278F9E091602862200F90E06 /* timer.h */ = {isa = PBXFileReference; fileEncoding = 4; lastKnownFileType = sourcecode.c.h; path = timer.h; sourceTree = "<group>"; };
		278F9E0C1602862700F90E06 /* timer_test.cpp */ = {isa = PBXFileReference; fileEncoding = 4; lastKnownFileType = sourcecode.cpp.cpp; path = timer_test.cpp; sourceTree = "<group>"; };
		279EEED816083AEE00BC08EE /* renderer.h */ = {isa = PBXFileReference; fileEncoding = 4; lastKnownFileType = sourcecode.c.h; path = renderer.h; sourceTree = "<group>"; };
		27ADE88B16026DCD00D888DE /* AppDelegate.h */ = {isa = PBXFileReference; fileEncoding = 4; lastKnownFileType = sourcecode.c.h; path = AppDelegate.h; sourceTree = "<group>"; };
		27ADE88C16026DCD00D888DE /* AppDelegate.m */ = {isa = PBXFileReference; fileEncoding = 4; lastKnownFileType = sourcecode.c.objc; path = AppDelegate.m; sourceTree = "<group>"; };
		27ADE88D16026DCD00D888DE /* deferred-Info.plist */ = {isa = PBXFileReference; fileEncoding = 4; lastKnownFileType = text.plist.xml; path = "deferred-Info.plist"; sourceTree = "<group>"; };
		27ADE88E16026DCD00D888DE /* MacApplication.h */ = {isa = PBXFileReference; fileEncoding = 4; lastKnownFileType = sourcecode.c.h; path = MacApplication.h; sourceTree = "<group>"; };
		27ADE88F16026DCD00D888DE /* MacApplication.m */ = {isa = PBXFileReference; fileEncoding = 4; lastKnownFileType = sourcecode.c.objc; path = MacApplication.m; sourceTree = "<group>"; };
		27ADE89516026DD900D888DE /* en */ = {isa = PBXFileReference; lastKnownFileType = text.rtf; name = en; path = Credits.rtf; sourceTree = "<group>"; };
		27ADE89716026DD900D888DE /* en */ = {isa = PBXFileReference; lastKnownFileType = text.plist.strings; name = en; path = InfoPlist.strings; sourceTree = "<group>"; };
		27ADE89916026DD900D888DE /* en */ = {isa = PBXFileReference; lastKnownFileType = file.xib; name = en; path = MainMenu.xib; sourceTree = "<group>"; };
		27ADE8A016026E1E00D888DE /* application.c */ = {isa = PBXFileReference; fileEncoding = 4; lastKnownFileType = sourcecode.c.c; path = application.c; sourceTree = "<group>"; };
		27ADE8A116026E1E00D888DE /* application.h */ = {isa = PBXFileReference; fileEncoding = 4; lastKnownFileType = sourcecode.c.h; path = application.h; sourceTree = "<group>"; };
		27ADE8A816027A1900D888DE /* OpenGLView.h */ = {isa = PBXFileReference; fileEncoding = 4; lastKnownFileType = sourcecode.c.h; path = OpenGLView.h; sourceTree = "<group>"; };
		27ADE8A916027A1900D888DE /* OpenGLView.m */ = {isa = PBXFileReference; fileEncoding = 4; lastKnownFileType = sourcecode.c.objc; path = OpenGLView.m; sourceTree = "<group>"; };
		27ADE8AC16027ACD00D888DE /* unit_test.cpp */ = {isa = PBXFileReference; fileEncoding = 4; lastKnownFileType = sourcecode.cpp.cpp; path = unit_test.cpp; sourceTree = "<group>"; };
		27ADE8AD16027ACD00D888DE /* unit_test.h */ = {isa = PBXFileReference; fileEncoding = 4; lastKnownFileType = sourcecode.c.h; path = unit_test.h; sourceTree = "<group>"; };
		27ADE8AF16027B1E00D888DE /* application_test.cpp */ = {isa = PBXFileReference; fileEncoding = 4; lastKnownFileType = sourcecode.cpp.cpp; path = application_test.cpp; sourceTree = "<group>"; };
		27B5E1631602DFE900C0ECC0 /* fps.c */ = {isa = PBXFileReference; fileEncoding = 4; lastKnownFileType = sourcecode.c.c; path = fps.c; sourceTree = "<group>"; };
		27B5E1641602DFE900C0ECC0 /* fps.h */ = {isa = PBXFileReference; fileEncoding = 4; lastKnownFileType = sourcecode.c.h; path = fps.h; sourceTree = "<group>"; };
		27B8A9041656FA380015C9AE /* perlin_noise.c */ = {isa = PBXFileReference; fileEncoding = 4; lastKnownFileType = sourcecode.c.c; path = perlin_noise.c; sourceTree = "<group>"; };
		27B8A9051656FA380015C9AE /* perlin_noise.h */ = {isa = PBXFileReference; fileEncoding = 4; lastKnownFileType = sourcecode.c.h; path = perlin_noise.h; sourceTree = "<group>"; };
		27B91CCA16564B740075652E /* marching_cubes.cpp */ = {isa = PBXFileReference; fileEncoding = 4; lastKnownFileType = sourcecode.cpp.cpp; path = marching_cubes.cpp; sourceTree = "<group>"; };
		27B91CCB16564B740075652E /* marching_cubes.h */ = {isa = PBXFileReference; fileEncoding = 4; lastKnownFileType = sourcecode.c.h; path = marching_cubes.h; sourceTree = "<group>"; };
		27CF508716027C57009DBE5A /* unit_test_test.cpp */ = {isa = PBXFileReference; fileEncoding = 4; lastKnownFileType = sourcecode.cpp.cpp; path = unit_test_test.cpp; sourceTree = "<group>"; };
		27CF508A16027CE0009DBE5A /* OpenGL.framework */ = {isa = PBXFileReference; lastKnownFileType = wrapper.framework; name = OpenGL.framework; path = System/Library/Frameworks/OpenGL.framework; sourceTree = SDKROOT; };
		27CF508C1602805B009DBE5A /* render_gl.cpp */ = {isa = PBXFileReference; fileEncoding = 4; lastKnownFileType = sourcecode.cpp.cpp; path = render_gl.cpp; sourceTree = "<group>"; };
		27CF508D1602805B009DBE5A /* render.h */ = {isa = PBXFileReference; fileEncoding = 4; lastKnownFileType = sourcecode.c.h; path = render.h; sourceTree = "<group>"; };
		27CF508F16028273009DBE5A /* render_gl.m */ = {isa = PBXFileReference; fileEncoding = 4; lastKnownFileType = sourcecode.c.objc; path = render_gl.m; sourceTree = "<group>"; };
		27DEFE00160408D7003C3972 /* game.cpp */ = {isa = PBXFileReference; fileEncoding = 4; lastKnownFileType = sourcecode.cpp.cpp; path = game.cpp; sourceTree = "<group>"; };
		27DEFE01160408D7003C3972 /* game.h */ = {isa = PBXFileReference; fileEncoding = 4; lastKnownFileType = sourcecode.c.h; path = game.h; sourceTree = "<group>"; };
		27DEFE0416040903003C3972 /* render.cpp */ = {isa = PBXFileReference; fileEncoding = 4; lastKnownFileType = sourcecode.cpp.cpp; path = render.cpp; sourceTree = "<group>"; };
		27FA8ECE1606AC8400B3B985 /* stb_image.c */ = {isa = PBXFileReference; fileEncoding = 4; lastKnownFileType = sourcecode.c.c; path = stb_image.c; sourceTree = "<group>"; };
		27FA8ECF1606AC8400B3B985 /* stb_image.h */ = {isa = PBXFileReference; fileEncoding = 4; lastKnownFileType = sourcecode.c.h; path = stb_image.h; sourceTree = "<group>"; };
/* End PBXFileReference section */

/* Begin PBXFrameworksBuildPhase section */
		2707F83C16026C020014C2E1 /* Frameworks */ = {
			isa = PBXFrameworksBuildPhase;
			buildActionMask = 2147483647;
			files = (
				27CF508B16027CE0009DBE5A /* OpenGL.framework in Frameworks */,
				2707F84416026C020014C2E1 /* Cocoa.framework in Frameworks */,
			);
			runOnlyForDeploymentPostprocessing = 0;
		};
/* End PBXFrameworksBuildPhase section */

/* Begin PBXGroup section */
		2707F83416026C020014C2E1 = {
			isa = PBXGroup;
			children = (
				2719DB8B160511F800485229 /* assets */,
				27FA8EC61606AC8400B3B985 /* external */,
				273AB3E216026C5F007C7682 /* src */,
				2707F84216026C020014C2E1 /* Frameworks */,
				2707F84016026C020014C2E1 /* Products */,
			);
			sourceTree = "<group>";
		};
		2707F84016026C020014C2E1 /* Products */ = {
			isa = PBXGroup;
			children = (
				2707F83F16026C020014C2E1 /* deferred.app */,
			);
			name = Products;
			sourceTree = "<group>";
		};
		2707F84216026C020014C2E1 /* Frameworks */ = {
			isa = PBXGroup;
			children = (
				27CF508A16027CE0009DBE5A /* OpenGL.framework */,
				2707F84316026C020014C2E1 /* Cocoa.framework */,
				2707F84516026C020014C2E1 /* Other Frameworks */,
			);
			name = Frameworks;
			sourceTree = "<group>";
		};
		2707F84516026C020014C2E1 /* Other Frameworks */ = {
			isa = PBXGroup;
			children = (
				2707F84616026C020014C2E1 /* AppKit.framework */,
				2707F84716026C020014C2E1 /* CoreData.framework */,
				2707F84816026C020014C2E1 /* Foundation.framework */,
			);
			name = "Other Frameworks";
			sourceTree = "<group>";
		};
		273AB3E216026C5F007C7682 /* src */ = {
			isa = PBXGroup;
			children = (
				27ADE8A016026E1E00D888DE /* application.c */,
				27ADE8A116026E1E00D888DE /* application.h */,
				27B5E1631602DFE900C0ECC0 /* fps.c */,
				27B5E1641602DFE900C0ECC0 /* fps.h */,
				27DEFE00160408D7003C3972 /* game.cpp */,
				27DEFE01160408D7003C3972 /* game.h */,
				2735A818160829B800B60C41 /* geometry.h */,
				273AB3ED16026C5F007C7682 /* main.cpp */,
				27DEFE0416040903003C3972 /* render.cpp */,
				27CF508D1602805B009DBE5A /* render.h */,
				27CF508C1602805B009DBE5A /* render_gl.cpp */,
				27CF508F16028273009DBE5A /* render_gl.m */,
				275F567816082A0C00FB9F9E /* render_gl_helper.h */,
				279EEED816083AEE00BC08EE /* renderer.h */,
				275F567B16082B8300FB9F9E /* renderer_deferred.h */,
				273EE4C31611682000265F0D /* resource_manager.cpp */,
				273EE4C41611682000265F0D /* resource_manager.h */,
				278F9E081602862200F90E06 /* timer.c */,
				278F9E091602862200F90E06 /* timer.h */,
				27ADE8AC16027ACD00D888DE /* unit_test.cpp */,
				27ADE8AD16027ACD00D888DE /* unit_test.h */,
				275A241A1605127C005FA2BC /* vec_math.h */,
				27317FF316159A6600659EDF /* world.cpp */,
				27317FF416159A6600659EDF /* world.h */,
				27ADE8AB16027ACD00D888DE /* tests */,
				273AB3E316026C5F007C7682 /* macosx */,
				27B91CCA16564B740075652E /* marching_cubes.cpp */,
				27B91CCB16564B740075652E /* marching_cubes.h */,
				27B8A9041656FA380015C9AE /* perlin_noise.c */,
				27B8A9051656FA380015C9AE /* perlin_noise.h */,
			);
			path = src;
			sourceTree = "<group>";
		};
		273AB3E316026C5F007C7682 /* macosx */ = {
			isa = PBXGroup;
			children = (
				27ADE89316026DD900D888DE /* en.lproj */,
				27ADE88B16026DCD00D888DE /* AppDelegate.h */,
				27ADE88C16026DCD00D888DE /* AppDelegate.m */,
				27ADE88D16026DCD00D888DE /* deferred-Info.plist */,
				27ADE88E16026DCD00D888DE /* MacApplication.h */,
				27ADE88F16026DCD00D888DE /* MacApplication.m */,
				27ADE8A816027A1900D888DE /* OpenGLView.h */,
				27ADE8A916027A1900D888DE /* OpenGLView.m */,
			);
			path = macosx;
			sourceTree = "<group>";
		};
		27ADE89316026DD900D888DE /* en.lproj */ = {
			isa = PBXGroup;
			children = (
				27ADE89416026DD900D888DE /* Credits.rtf */,
				27ADE89616026DD900D888DE /* InfoPlist.strings */,
				27ADE89816026DD900D888DE /* MainMenu.xib */,
			);
			path = en.lproj;
			sourceTree = "<group>";
		};
		27ADE8AB16027ACD00D888DE /* tests */ = {
			isa = PBXGroup;
			children = (
				278F9E0C1602862700F90E06 /* timer_test.cpp */,
				2731800216159A7B00659EDF /* world_test.cpp */,
				27CF508716027C57009DBE5A /* unit_test_test.cpp */,
				27ADE8AF16027B1E00D888DE /* application_test.cpp */,
				273EE4BD161167AE00265F0D /* resource_manager_test.cpp */,
			);
			path = tests;
			sourceTree = "<group>";
		};
		27FA8EC61606AC8400B3B985 /* external */ = {
			isa = PBXGroup;
			children = (
				27FA8ECE1606AC8400B3B985 /* stb_image.c */,
				27FA8ECF1606AC8400B3B985 /* stb_image.h */,
			);
			path = external;
			sourceTree = "<group>";
		};
/* End PBXGroup section */

/* Begin PBXNativeTarget section */
		2707F83E16026C020014C2E1 /* deferred */ = {
			isa = PBXNativeTarget;
			buildConfigurationList = 2707F85D16026C020014C2E1 /* Build configuration list for PBXNativeTarget "deferred" */;
			buildPhases = (
				2707F83B16026C020014C2E1 /* Sources */,
				2707F83C16026C020014C2E1 /* Frameworks */,
				2707F83D16026C020014C2E1 /* Resources */,
				27ADE8B616027BBB00D888DE /* ShellScript */,
			);
			buildRules = (
			);
			dependencies = (
			);
			name = deferred;
			productName = deferred;
			productReference = 2707F83F16026C020014C2E1 /* deferred.app */;
			productType = "com.apple.product-type.application";
		};
/* End PBXNativeTarget section */

/* Begin PBXProject section */
		2707F83616026C020014C2E1 /* Project object */ = {
			isa = PBXProject;
			attributes = {
				LastUpgradeCheck = 0450;
				ORGANIZATIONNAME = "Kyle Weicht";
			};
			buildConfigurationList = 2707F83916026C020014C2E1 /* Build configuration list for PBXProject "deferred" */;
			compatibilityVersion = "Xcode 3.2";
			developmentRegion = English;
			hasScannedForEncodings = 0;
			knownRegions = (
				en,
			);
			mainGroup = 2707F83416026C020014C2E1;
			productRefGroup = 2707F84016026C020014C2E1 /* Products */;
			projectDirPath = "";
			projectRoot = "";
			targets = (
				2707F83E16026C020014C2E1 /* deferred */,
			);
		};
/* End PBXProject section */

/* Begin PBXResourcesBuildPhase section */
		2707F83D16026C020014C2E1 /* Resources */ = {
			isa = PBXResourcesBuildPhase;
			buildActionMask = 2147483647;
			files = (
				27ADE89A16026DD900D888DE /* Credits.rtf in Resources */,
				27ADE89B16026DD900D888DE /* InfoPlist.strings in Resources */,
				27ADE89C16026DD900D888DE /* MainMenu.xib in Resources */,
			);
			runOnlyForDeploymentPostprocessing = 0;
		};
/* End PBXResourcesBuildPhase section */

/* Begin PBXShellScriptBuildPhase section */
		27ADE8B616027BBB00D888DE /* ShellScript */ = {
			isa = PBXShellScriptBuildPhase;
			buildActionMask = 2147483647;
			files = (
			);
			inputPaths = (
			);
			outputPaths = (
			);
			runOnlyForDeploymentPostprocessing = 0;
			shellPath = /bin/sh;
			shellScript = "ln -sfn $PROJECT_DIR/assets $TARGET_BUILD_DIR/assets\n$TARGET_BUILD_DIR/$TARGET_NAME.app/Contents/MacOS/$TARGET_NAME -t";
		};
/* End PBXShellScriptBuildPhase section */

/* Begin PBXSourcesBuildPhase section */
		2707F83B16026C020014C2E1 /* Sources */ = {
			isa = PBXSourcesBuildPhase;
			buildActionMask = 2147483647;
			files = (
				273AB3F316026C5F007C7682 /* main.cpp in Sources */,
				27ADE89016026DCD00D888DE /* AppDelegate.m in Sources */,
				27ADE89216026DCD00D888DE /* MacApplication.m in Sources */,
				27ADE8A216026E1E00D888DE /* application.c in Sources */,
				27ADE8AA16027A1900D888DE /* OpenGLView.m in Sources */,
				27ADE8AE16027ACD00D888DE /* unit_test.cpp in Sources */,
				27ADE8B016027B1E00D888DE /* application_test.cpp in Sources */,
				27CF508816027C57009DBE5A /* unit_test_test.cpp in Sources */,
				27CF508E1602805B009DBE5A /* render_gl.cpp in Sources */,
				27CF509016028273009DBE5A /* render_gl.m in Sources */,
				278F9E0A1602862200F90E06 /* timer.c in Sources */,
				278F9E0D1602862700F90E06 /* timer_test.cpp in Sources */,
				27B5E1651602DFE900C0ECC0 /* fps.c in Sources */,
				27DEFE02160408D7003C3972 /* game.cpp in Sources */,
				27DEFE0516040903003C3972 /* render.cpp in Sources */,
				27FA8ED31606AC8400B3B985 /* stb_image.c in Sources */,
				273EE4BF161167AE00265F0D /* resource_manager_test.cpp in Sources */,
				273EE4C51611682000265F0D /* resource_manager.cpp in Sources */,
				27317FF516159A6600659EDF /* world.cpp in Sources */,
				2731800316159A7B00659EDF /* world_test.cpp in Sources */,
				27B91CCC16564B740075652E /* marching_cubes.cpp in Sources */,
				27B8A9061656FA380015C9AE /* perlin_noise.c in Sources */,
			);
			runOnlyForDeploymentPostprocessing = 0;
		};
/* End PBXSourcesBuildPhase section */

/* Begin PBXVariantGroup section */
		27ADE89416026DD900D888DE /* Credits.rtf */ = {
			isa = PBXVariantGroup;
			children = (
				27ADE89516026DD900D888DE /* en */,
			);
			name = Credits.rtf;
			sourceTree = "<group>";
		};
		27ADE89616026DD900D888DE /* InfoPlist.strings */ = {
			isa = PBXVariantGroup;
			children = (
				27ADE89716026DD900D888DE /* en */,
			);
			name = InfoPlist.strings;
			sourceTree = "<group>";
		};
		27ADE89816026DD900D888DE /* MainMenu.xib */ = {
			isa = PBXVariantGroup;
			children = (
				27ADE89916026DD900D888DE /* en */,
			);
			name = MainMenu.xib;
			sourceTree = "<group>";
		};
/* End PBXVariantGroup section */

/* Begin XCBuildConfiguration section */
		2707F85B16026C020014C2E1 /* Debug */ = {
			isa = XCBuildConfiguration;
			buildSettings = {
				ALWAYS_SEARCH_USER_PATHS = NO;
				ARCHS = "$(ARCHS_STANDARD_64_BIT)";
				CLANG_ANALYZER_SECURITY_INSECUREAPI_STRCPY = YES;
				CLANG_CXX_LANGUAGE_STANDARD = "c++98";
				CLANG_ENABLE_OBJC_ARC = YES;
				CLANG_WARN_CXX0X_EXTENSIONS = YES;
				CLANG_WARN_EMPTY_BODY = YES;
				CLANG_WARN_IMPLICIT_SIGN_CONVERSION = NO;
				CLANG_WARN_SUSPICIOUS_IMPLICIT_CONVERSION = YES;
				CLANG_WARN__DUPLICATE_METHOD_MATCH = YES;
				CLANG_WARN__EXIT_TIME_DESTRUCTORS = YES;
				CLANG_X86_VECTOR_INSTRUCTIONS = avx;
				COPY_PHASE_STRIP = NO;
				GCC_C_LANGUAGE_STANDARD = gnu89;
				GCC_DYNAMIC_NO_PIC = NO;
				GCC_ENABLE_CPP_EXCEPTIONS = NO;
				GCC_ENABLE_CPP_RTTI = NO;
				GCC_ENABLE_OBJC_EXCEPTIONS = YES;
				GCC_OPTIMIZATION_LEVEL = 0;
				GCC_PREPROCESSOR_DEFINITIONS = (
					"DEBUG=1",
					"$(inherited)",
				);
				GCC_SYMBOLS_PRIVATE_EXTERN = NO;
				GCC_TREAT_IMPLICIT_FUNCTION_DECLARATIONS_AS_ERRORS = YES;
				GCC_TREAT_WARNINGS_AS_ERRORS = YES;
				GCC_WARN_64_TO_32_BIT_CONVERSION = YES;
				GCC_WARN_ABOUT_MISSING_NEWLINE = YES;
				GCC_WARN_ABOUT_MISSING_PROTOTYPES = YES;
				GCC_WARN_ABOUT_RETURN_TYPE = YES;
				GCC_WARN_HIDDEN_VIRTUAL_FUNCTIONS = YES;
				GCC_WARN_NON_VIRTUAL_DESTRUCTOR = YES;
				GCC_WARN_PEDANTIC = YES;
				GCC_WARN_SHADOW = YES;
				GCC_WARN_SIGN_COMPARE = YES;
				GCC_WARN_UNINITIALIZED_AUTOS = YES;
				GCC_WARN_UNUSED_PARAMETER = YES;
				GCC_WARN_UNUSED_VARIABLE = YES;
				LLVM_LTO = NO;
				MACOSX_DEPLOYMENT_TARGET = 10.7;
				OBJROOT = obj;
				ONLY_ACTIVE_ARCH = YES;
				RUN_CLANG_STATIC_ANALYZER = NO;
				SDKROOT = macosx10.7;
				SYMROOT = bin;
			};
			name = Debug;
		};
		2707F85C16026C020014C2E1 /* Release */ = {
			isa = XCBuildConfiguration;
			buildSettings = {
				ALWAYS_SEARCH_USER_PATHS = NO;
				ARCHS = "$(ARCHS_STANDARD_64_BIT)";
				CLANG_ANALYZER_SECURITY_INSECUREAPI_STRCPY = YES;
				CLANG_CXX_LANGUAGE_STANDARD = "c++98";
				CLANG_ENABLE_OBJC_ARC = YES;
				CLANG_WARN_CXX0X_EXTENSIONS = YES;
				CLANG_WARN_EMPTY_BODY = YES;
				CLANG_WARN_IMPLICIT_SIGN_CONVERSION = NO;
				CLANG_WARN_SUSPICIOUS_IMPLICIT_CONVERSION = YES;
				CLANG_WARN__DUPLICATE_METHOD_MATCH = YES;
				CLANG_WARN__EXIT_TIME_DESTRUCTORS = YES;
				CLANG_X86_VECTOR_INSTRUCTIONS = avx;
				COPY_PHASE_STRIP = YES;
				DEBUG_INFORMATION_FORMAT = "dwarf-with-dsym";
				GCC_C_LANGUAGE_STANDARD = gnu89;
				GCC_ENABLE_CPP_EXCEPTIONS = NO;
				GCC_ENABLE_CPP_RTTI = NO;
				GCC_ENABLE_OBJC_EXCEPTIONS = YES;
				GCC_STRICT_ALIASING = NO;
				GCC_TREAT_IMPLICIT_FUNCTION_DECLARATIONS_AS_ERRORS = YES;
				GCC_TREAT_WARNINGS_AS_ERRORS = YES;
				GCC_UNROLL_LOOPS = YES;
				GCC_WARN_64_TO_32_BIT_CONVERSION = YES;
				GCC_WARN_ABOUT_MISSING_NEWLINE = YES;
				GCC_WARN_ABOUT_MISSING_PROTOTYPES = YES;
				GCC_WARN_ABOUT_RETURN_TYPE = YES;
				GCC_WARN_HIDDEN_VIRTUAL_FUNCTIONS = YES;
				GCC_WARN_NON_VIRTUAL_DESTRUCTOR = YES;
				GCC_WARN_PEDANTIC = YES;
				GCC_WARN_SHADOW = YES;
				GCC_WARN_SIGN_COMPARE = YES;
				GCC_WARN_UNINITIALIZED_AUTOS = YES;
				GCC_WARN_UNUSED_PARAMETER = YES;
				GCC_WARN_UNUSED_VARIABLE = YES;
				LLVM_LTO = NO;
				MACOSX_DEPLOYMENT_TARGET = 10.7;
				OBJROOT = obj;
				RUN_CLANG_STATIC_ANALYZER = NO;
				SDKROOT = macosx10.7;
				SYMROOT = bin;
			};
			name = Release;
		};
		2707F85E16026C020014C2E1 /* Debug */ = {
			isa = XCBuildConfiguration;
			buildSettings = {
				COMBINE_HIDPI_IMAGES = YES;
				GCC_PRECOMPILE_PREFIX_HEADER = NO;
				INFOPLIST_FILE = "src/macosx/deferred-Info.plist";
				PRODUCT_NAME = "$(TARGET_NAME)";
				WRAPPER_EXTENSION = app;
			};
			name = Debug;
		};
		2707F85F16026C020014C2E1 /* Release */ = {
			isa = XCBuildConfiguration;
			buildSettings = {
				COMBINE_HIDPI_IMAGES = YES;
				GCC_PRECOMPILE_PREFIX_HEADER = NO;
				INFOPLIST_FILE = "src/macosx/deferred-Info.plist";
				PRODUCT_NAME = "$(TARGET_NAME)";
				WRAPPER_EXTENSION = app;
			};
			name = Release;
		};
/* End XCBuildConfiguration section */

/* Begin XCConfigurationList section */
		2707F83916026C020014C2E1 /* Build configuration list for PBXProject "deferred" */ = {
			isa = XCConfigurationList;
			buildConfigurations = (
				2707F85B16026C020014C2E1 /* Debug */,
				2707F85C16026C020014C2E1 /* Release */,
			);
			defaultConfigurationIsVisible = 0;
			defaultConfigurationName = Release;
		};
		2707F85D16026C020014C2E1 /* Build configuration list for PBXNativeTarget "deferred" */ = {
			isa = XCConfigurationList;
			buildConfigurations = (
				2707F85E16026C020014C2E1 /* Debug */,
				2707F85F16026C020014C2E1 /* Release */,
			);
			defaultConfigurationIsVisible = 0;
			defaultConfigurationName = Release;
		};
/* End XCConfigurationList section */
	};
	rootObject = 2707F83616026C020014C2E1 /* Project object */;
}
